// !$*UTF8*$!
{
	archiveVersion = 1;
	classes = {
	};
	objectVersion = 46;
	objects = {

/* Begin PBXBuildFile section */
		575EEBB51D1815C000E90C5B /* Router.swift in Sources */ = {isa = PBXBuildFile; fileRef = 575EEBB41D1815C000E90C5B /* Router.swift */; };
		575EEBB71D18334800E90C5B /* OAuth.swift in Sources */ = {isa = PBXBuildFile; fileRef = 575EEBB61D18334800E90C5B /* OAuth.swift */; };
		576C294D1DB52449005C030B /* SettingsTableViewController.swift in Sources */ = {isa = PBXBuildFile; fileRef = 576C294C1DB52449005C030B /* SettingsTableViewController.swift */; };
		5786F46A1D15CF81008FFE4B /* AppDelegate.swift in Sources */ = {isa = PBXBuildFile; fileRef = 5786F4691D15CF81008FFE4B /* AppDelegate.swift */; };
		5786F4711D15CF81008FFE4B /* Main.storyboard in Resources */ = {isa = PBXBuildFile; fileRef = 5786F46F1D15CF81008FFE4B /* Main.storyboard */; };
		5786F4731D15CF81008FFE4B /* Assets.xcassets in Resources */ = {isa = PBXBuildFile; fileRef = 5786F4721D15CF81008FFE4B /* Assets.xcassets */; };
		5786F4761D15CF81008FFE4B /* LaunchScreen.storyboard in Resources */ = {isa = PBXBuildFile; fileRef = 5786F4741D15CF81008FFE4B /* LaunchScreen.storyboard */; };
		5786F4811D15CF81008FFE4B /* ChulloTests.swift in Sources */ = {isa = PBXBuildFile; fileRef = 5786F4801D15CF81008FFE4B /* ChulloTests.swift */; };
		5786F48E1D15D3EB008FFE4B /* LoginViewController.swift in Sources */ = {isa = PBXBuildFile; fileRef = 5786F48D1D15D3EB008FFE4B /* LoginViewController.swift */; };
		57A2C3511D19488E00055043 /* FilesTableViewController.swift in Sources */ = {isa = PBXBuildFile; fileRef = 57A2C3501D19488E00055043 /* FilesTableViewController.swift */; };
		57A2C3531D1949E300055043 /* FileTableViewCell.swift in Sources */ = {isa = PBXBuildFile; fileRef = 57A2C3521D1949E300055043 /* FileTableViewCell.swift */; };
		57A2C3561D194B0200055043 /* File.swift in Sources */ = {isa = PBXBuildFile; fileRef = 57A2C3551D194B0200055043 /* File.swift */; };
		57AC6B001D196E750088B93E /* ProfileViewController.swift in Sources */ = {isa = PBXBuildFile; fileRef = 57AC6AFF1D196E750088B93E /* ProfileViewController.swift */; };
		57AEB8831D4E5F2100F5C9C6 /* FileViewController.swift in Sources */ = {isa = PBXBuildFile; fileRef = 57AEB8821D4E5F2100F5C9C6 /* FileViewController.swift */; };
		8C83AF9A9CF9CFC33659DB0E /* Pods_Chullo.framework in Frameworks */ = {isa = PBXBuildFile; fileRef = 1B45AF72249C54810D6D11AC /* Pods_Chullo.framework */; };
		AC9B6DF3C3DDE4B63B521C4A /* Pods_ChulloTests.framework in Frameworks */ = {isa = PBXBuildFile; fileRef = 2BFDCF17E9A8FA568841924A /* Pods_ChulloTests.framework */; };
/* End PBXBuildFile section */

/* Begin PBXContainerItemProxy section */
		5786F47D1D15CF81008FFE4B /* PBXContainerItemProxy */ = {
			isa = PBXContainerItemProxy;
			containerPortal = 5786F45E1D15CF81008FFE4B /* Project object */;
			proxyType = 1;
			remoteGlobalIDString = 5786F4651D15CF81008FFE4B;
			remoteInfo = Chullo;
		};
/* End PBXContainerItemProxy section */

/* Begin PBXFileReference section */
		1B45AF72249C54810D6D11AC /* Pods_Chullo.framework */ = {isa = PBXFileReference; explicitFileType = wrapper.framework; includeInIndex = 0; path = Pods_Chullo.framework; sourceTree = BUILT_PRODUCTS_DIR; };
		2BFDCF17E9A8FA568841924A /* Pods_ChulloTests.framework */ = {isa = PBXFileReference; explicitFileType = wrapper.framework; includeInIndex = 0; path = Pods_ChulloTests.framework; sourceTree = BUILT_PRODUCTS_DIR; };
		575EEBB41D1815C000E90C5B /* Router.swift */ = {isa = PBXFileReference; fileEncoding = 4; lastKnownFileType = sourcecode.swift; path = Router.swift; sourceTree = "<group>"; };
		575EEBB61D18334800E90C5B /* OAuth.swift */ = {isa = PBXFileReference; fileEncoding = 4; lastKnownFileType = sourcecode.swift; path = OAuth.swift; sourceTree = "<group>"; };
		576C294C1DB52449005C030B /* SettingsTableViewController.swift */ = {isa = PBXFileReference; fileEncoding = 4; lastKnownFileType = sourcecode.swift; path = SettingsTableViewController.swift; sourceTree = "<group>"; };
		5786F4661D15CF81008FFE4B /* Chullo.app */ = {isa = PBXFileReference; explicitFileType = wrapper.application; includeInIndex = 0; path = Chullo.app; sourceTree = BUILT_PRODUCTS_DIR; };
		5786F4691D15CF81008FFE4B /* AppDelegate.swift */ = {isa = PBXFileReference; lastKnownFileType = sourcecode.swift; path = AppDelegate.swift; sourceTree = "<group>"; };
		5786F4701D15CF81008FFE4B /* Base */ = {isa = PBXFileReference; lastKnownFileType = file.storyboard; name = Base; path = Base.lproj/Main.storyboard; sourceTree = "<group>"; };
		5786F4721D15CF81008FFE4B /* Assets.xcassets */ = {isa = PBXFileReference; lastKnownFileType = folder.assetcatalog; path = Assets.xcassets; sourceTree = "<group>"; };
		5786F4751D15CF81008FFE4B /* Base */ = {isa = PBXFileReference; lastKnownFileType = file.storyboard; name = Base; path = Base.lproj/LaunchScreen.storyboard; sourceTree = "<group>"; };
		5786F4771D15CF81008FFE4B /* Info.plist */ = {isa = PBXFileReference; lastKnownFileType = text.plist.xml; path = Info.plist; sourceTree = "<group>"; };
		5786F47C1D15CF81008FFE4B /* ChulloTests.xctest */ = {isa = PBXFileReference; explicitFileType = wrapper.cfbundle; includeInIndex = 0; path = ChulloTests.xctest; sourceTree = BUILT_PRODUCTS_DIR; };
		5786F4801D15CF81008FFE4B /* ChulloTests.swift */ = {isa = PBXFileReference; lastKnownFileType = sourcecode.swift; path = ChulloTests.swift; sourceTree = "<group>"; };
		5786F4821D15CF81008FFE4B /* Info.plist */ = {isa = PBXFileReference; lastKnownFileType = text.plist.xml; path = Info.plist; sourceTree = "<group>"; };
		5786F48D1D15D3EB008FFE4B /* LoginViewController.swift */ = {isa = PBXFileReference; fileEncoding = 4; lastKnownFileType = sourcecode.swift; path = LoginViewController.swift; sourceTree = "<group>"; };
		57A2C3501D19488E00055043 /* FilesTableViewController.swift */ = {isa = PBXFileReference; fileEncoding = 4; lastKnownFileType = sourcecode.swift; path = FilesTableViewController.swift; sourceTree = "<group>"; };
		57A2C3521D1949E300055043 /* FileTableViewCell.swift */ = {isa = PBXFileReference; fileEncoding = 4; lastKnownFileType = sourcecode.swift; path = FileTableViewCell.swift; sourceTree = "<group>"; };
		57A2C3551D194B0200055043 /* File.swift */ = {isa = PBXFileReference; fileEncoding = 4; lastKnownFileType = sourcecode.swift; path = File.swift; sourceTree = "<group>"; };
		57AC6AFF1D196E750088B93E /* ProfileViewController.swift */ = {isa = PBXFileReference; fileEncoding = 4; lastKnownFileType = sourcecode.swift; path = ProfileViewController.swift; sourceTree = "<group>"; };
		57AEB8821D4E5F2100F5C9C6 /* FileViewController.swift */ = {isa = PBXFileReference; fileEncoding = 4; lastKnownFileType = sourcecode.swift; path = FileViewController.swift; sourceTree = "<group>"; };
		663D7E95B2B3C531D9DF56B7 /* Pods-Chullo.debug.xcconfig */ = {isa = PBXFileReference; includeInIndex = 1; lastKnownFileType = text.xcconfig; name = "Pods-Chullo.debug.xcconfig"; path = "Pods/Target Support Files/Pods-Chullo/Pods-Chullo.debug.xcconfig"; sourceTree = "<group>"; };
		BF3D5615B7B8F74AF19C1D1A /* Pods-ChulloTests.release.xcconfig */ = {isa = PBXFileReference; includeInIndex = 1; lastKnownFileType = text.xcconfig; name = "Pods-ChulloTests.release.xcconfig"; path = "Pods/Target Support Files/Pods-ChulloTests/Pods-ChulloTests.release.xcconfig"; sourceTree = "<group>"; };
		CCCB86D9EE0132E95BE5ED60 /* Pods-ChulloTests.debug.xcconfig */ = {isa = PBXFileReference; includeInIndex = 1; lastKnownFileType = text.xcconfig; name = "Pods-ChulloTests.debug.xcconfig"; path = "Pods/Target Support Files/Pods-ChulloTests/Pods-ChulloTests.debug.xcconfig"; sourceTree = "<group>"; };
		EC6C8E773E615EA35D6CD5F8 /* Pods-Chullo.release.xcconfig */ = {isa = PBXFileReference; includeInIndex = 1; lastKnownFileType = text.xcconfig; name = "Pods-Chullo.release.xcconfig"; path = "Pods/Target Support Files/Pods-Chullo/Pods-Chullo.release.xcconfig"; sourceTree = "<group>"; };
/* End PBXFileReference section */

/* Begin PBXFrameworksBuildPhase section */
		5786F4631D15CF81008FFE4B /* Frameworks */ = {
			isa = PBXFrameworksBuildPhase;
			buildActionMask = 2147483647;
			files = (
				8C83AF9A9CF9CFC33659DB0E /* Pods_Chullo.framework in Frameworks */,
			);
			runOnlyForDeploymentPostprocessing = 0;
		};
		5786F4791D15CF81008FFE4B /* Frameworks */ = {
			isa = PBXFrameworksBuildPhase;
			buildActionMask = 2147483647;
			files = (
				AC9B6DF3C3DDE4B63B521C4A /* Pods_ChulloTests.framework in Frameworks */,
			);
			runOnlyForDeploymentPostprocessing = 0;
		};
/* End PBXFrameworksBuildPhase section */

/* Begin PBXGroup section */
		044D8D7E63D3C9EF8CAE85A8 /* Frameworks */ = {
			isa = PBXGroup;
			children = (
				1B45AF72249C54810D6D11AC /* Pods_Chullo.framework */,
				2BFDCF17E9A8FA568841924A /* Pods_ChulloTests.framework */,
			);
			name = Frameworks;
			sourceTree = "<group>";
		};
		5786F45D1D15CF81008FFE4B = {
			isa = PBXGroup;
			children = (
				5786F4681D15CF81008FFE4B /* Chullo */,
				5786F47F1D15CF81008FFE4B /* ChulloTests */,
				5786F4671D15CF81008FFE4B /* Products */,
				F704EC43DA5EB709A4E4C046 /* Pods */,
				044D8D7E63D3C9EF8CAE85A8 /* Frameworks */,
			);
			sourceTree = "<group>";
		};
		5786F4671D15CF81008FFE4B /* Products */ = {
			isa = PBXGroup;
			children = (
				5786F4661D15CF81008FFE4B /* Chullo.app */,
				5786F47C1D15CF81008FFE4B /* ChulloTests.xctest */,
			);
			name = Products;
			sourceTree = "<group>";
		};
		5786F4681D15CF81008FFE4B /* Chullo */ = {
			isa = PBXGroup;
			children = (
				57A2C3541D194AF800055043 /* Model */,
				57A2C34F1D19480500055043 /* Controllers */,
				5786F4691D15CF81008FFE4B /* AppDelegate.swift */,
				5786F46F1D15CF81008FFE4B /* Main.storyboard */,
				5786F4721D15CF81008FFE4B /* Assets.xcassets */,
				5786F4741D15CF81008FFE4B /* LaunchScreen.storyboard */,
				5786F4771D15CF81008FFE4B /* Info.plist */,
				575EEBB41D1815C000E90C5B /* Router.swift */,
				575EEBB61D18334800E90C5B /* OAuth.swift */,
				57A2C3521D1949E300055043 /* FileTableViewCell.swift */,
			);
			path = Chullo;
			sourceTree = "<group>";
		};
		5786F47F1D15CF81008FFE4B /* ChulloTests */ = {
			isa = PBXGroup;
			children = (
				5786F4801D15CF81008FFE4B /* ChulloTests.swift */,
				5786F4821D15CF81008FFE4B /* Info.plist */,
			);
			path = ChulloTests;
			sourceTree = "<group>";
		};
		57A2C34F1D19480500055043 /* Controllers */ = {
			isa = PBXGroup;
			children = (
				5786F48D1D15D3EB008FFE4B /* LoginViewController.swift */,
				57A2C3501D19488E00055043 /* FilesTableViewController.swift */,
				57AC6AFF1D196E750088B93E /* ProfileViewController.swift */,
				57AEB8821D4E5F2100F5C9C6 /* FileViewController.swift */,
				576C294C1DB52449005C030B /* SettingsTableViewController.swift */,
			);
			name = Controllers;
			sourceTree = "<group>";
		};
		57A2C3541D194AF800055043 /* Model */ = {
			isa = PBXGroup;
			children = (
				57A2C3551D194B0200055043 /* File.swift */,
			);
			name = Model;
			sourceTree = "<group>";
		};
		F704EC43DA5EB709A4E4C046 /* Pods */ = {
			isa = PBXGroup;
			children = (
				663D7E95B2B3C531D9DF56B7 /* Pods-Chullo.debug.xcconfig */,
				EC6C8E773E615EA35D6CD5F8 /* Pods-Chullo.release.xcconfig */,
				CCCB86D9EE0132E95BE5ED60 /* Pods-ChulloTests.debug.xcconfig */,
				BF3D5615B7B8F74AF19C1D1A /* Pods-ChulloTests.release.xcconfig */,
			);
			name = Pods;
			sourceTree = "<group>";
		};
/* End PBXGroup section */

/* Begin PBXNativeTarget section */
		5786F4651D15CF81008FFE4B /* Chullo */ = {
			isa = PBXNativeTarget;
			buildConfigurationList = 5786F4851D15CF81008FFE4B /* Build configuration list for PBXNativeTarget "Chullo" */;
			buildPhases = (
				ED9C207E70B7BEEBA0D1FDB1 /* [CP] Check Pods Manifest.lock */,
				5786F4621D15CF81008FFE4B /* Sources */,
				5786F4631D15CF81008FFE4B /* Frameworks */,
				5786F4641D15CF81008FFE4B /* Resources */,
				9F6CC74913CB0D8602F7C70C /* [CP] Embed Pods Frameworks */,
				6D94F775297C51BAAB55384C /* [CP] Copy Pods Resources */,
			);
			buildRules = (
			);
			dependencies = (
			);
			name = Chullo;
			productName = Chullo;
			productReference = 5786F4661D15CF81008FFE4B /* Chullo.app */;
			productType = "com.apple.product-type.application";
		};
		5786F47B1D15CF81008FFE4B /* ChulloTests */ = {
			isa = PBXNativeTarget;
			buildConfigurationList = 5786F4881D15CF81008FFE4B /* Build configuration list for PBXNativeTarget "ChulloTests" */;
			buildPhases = (
				C42AA15C7BCE5441799573EB /* [CP] Check Pods Manifest.lock */,
				5786F4781D15CF81008FFE4B /* Sources */,
				5786F4791D15CF81008FFE4B /* Frameworks */,
				5786F47A1D15CF81008FFE4B /* Resources */,
				3805C0C38944B5F79CA18C46 /* [CP] Embed Pods Frameworks */,
				B8987992F809BCD4AD73728E /* [CP] Copy Pods Resources */,
			);
			buildRules = (
			);
			dependencies = (
				5786F47E1D15CF81008FFE4B /* PBXTargetDependency */,
			);
			name = ChulloTests;
			productName = ChulloTests;
			productReference = 5786F47C1D15CF81008FFE4B /* ChulloTests.xctest */;
			productType = "com.apple.product-type.bundle.unit-test";
		};
/* End PBXNativeTarget section */

/* Begin PBXProject section */
		5786F45E1D15CF81008FFE4B /* Project object */ = {
			isa = PBXProject;
			attributes = {
				LastSwiftUpdateCheck = 0730;
				LastUpgradeCheck = 0800;
				ORGANIZATIONNAME = "Victor Jacobs";
				TargetAttributes = {
					5786F4651D15CF81008FFE4B = {
						CreatedOnToolsVersion = 7.3.1;
						DevelopmentTeam = 73P36U68HR;
						LastSwiftMigration = 0800;
					};
					5786F47B1D15CF81008FFE4B = {
						CreatedOnToolsVersion = 7.3.1;
						DevelopmentTeam = 73P36U68HR;
						LastSwiftMigration = 0800;
						TestTargetID = 5786F4651D15CF81008FFE4B;
					};
				};
			};
			buildConfigurationList = 5786F4611D15CF81008FFE4B /* Build configuration list for PBXProject "Chullo" */;
			compatibilityVersion = "Xcode 3.2";
			developmentRegion = English;
			hasScannedForEncodings = 0;
			knownRegions = (
				en,
				Base,
			);
			mainGroup = 5786F45D1D15CF81008FFE4B;
			productRefGroup = 5786F4671D15CF81008FFE4B /* Products */;
			projectDirPath = "";
			projectRoot = "";
			targets = (
				5786F4651D15CF81008FFE4B /* Chullo */,
				5786F47B1D15CF81008FFE4B /* ChulloTests */,
			);
		};
/* End PBXProject section */

/* Begin PBXResourcesBuildPhase section */
		5786F4641D15CF81008FFE4B /* Resources */ = {
			isa = PBXResourcesBuildPhase;
			buildActionMask = 2147483647;
			files = (
				5786F4761D15CF81008FFE4B /* LaunchScreen.storyboard in Resources */,
				5786F4731D15CF81008FFE4B /* Assets.xcassets in Resources */,
				5786F4711D15CF81008FFE4B /* Main.storyboard in Resources */,
			);
			runOnlyForDeploymentPostprocessing = 0;
		};
		5786F47A1D15CF81008FFE4B /* Resources */ = {
			isa = PBXResourcesBuildPhase;
			buildActionMask = 2147483647;
			files = (
			);
			runOnlyForDeploymentPostprocessing = 0;
		};
/* End PBXResourcesBuildPhase section */

/* Begin PBXShellScriptBuildPhase section */
		3805C0C38944B5F79CA18C46 /* [CP] Embed Pods Frameworks */ = {
			isa = PBXShellScriptBuildPhase;
			buildActionMask = 2147483647;
			files = (
			);
			inputPaths = (
			);
			name = "[CP] Embed Pods Frameworks";
			outputPaths = (
			);
			runOnlyForDeploymentPostprocessing = 0;
			shellPath = /bin/sh;
			shellScript = "\"${SRCROOT}/Pods/Target Support Files/Pods-ChulloTests/Pods-ChulloTests-frameworks.sh\"\n";
			showEnvVarsInLog = 0;
		};
		6D94F775297C51BAAB55384C /* [CP] Copy Pods Resources */ = {
			isa = PBXShellScriptBuildPhase;
			buildActionMask = 2147483647;
			files = (
			);
			inputPaths = (
			);
			name = "[CP] Copy Pods Resources";
			outputPaths = (
			);
			runOnlyForDeploymentPostprocessing = 0;
			shellPath = /bin/sh;
			shellScript = "\"${SRCROOT}/Pods/Target Support Files/Pods-Chullo/Pods-Chullo-resources.sh\"\n";
			showEnvVarsInLog = 0;
		};
		9F6CC74913CB0D8602F7C70C /* [CP] Embed Pods Frameworks */ = {
			isa = PBXShellScriptBuildPhase;
			buildActionMask = 2147483647;
			files = (
			);
			inputPaths = (
			);
			name = "[CP] Embed Pods Frameworks";
			outputPaths = (
			);
			runOnlyForDeploymentPostprocessing = 0;
			shellPath = /bin/sh;
			shellScript = "\"${SRCROOT}/Pods/Target Support Files/Pods-Chullo/Pods-Chullo-frameworks.sh\"\n";
			showEnvVarsInLog = 0;
		};
		B8987992F809BCD4AD73728E /* [CP] Copy Pods Resources */ = {
			isa = PBXShellScriptBuildPhase;
			buildActionMask = 2147483647;
			files = (
			);
			inputPaths = (
			);
			name = "[CP] Copy Pods Resources";
			outputPaths = (
			);
			runOnlyForDeploymentPostprocessing = 0;
			shellPath = /bin/sh;
			shellScript = "\"${SRCROOT}/Pods/Target Support Files/Pods-ChulloTests/Pods-ChulloTests-resources.sh\"\n";
			showEnvVarsInLog = 0;
		};
		C42AA15C7BCE5441799573EB /* [CP] Check Pods Manifest.lock */ = {
			isa = PBXShellScriptBuildPhase;
			buildActionMask = 2147483647;
			files = (
			);
			inputPaths = (
			);
			name = "[CP] Check Pods Manifest.lock";
			outputPaths = (
			);
			runOnlyForDeploymentPostprocessing = 0;
			shellPath = /bin/sh;
			shellScript = "diff \"${PODS_ROOT}/../Podfile.lock\" \"${PODS_ROOT}/Manifest.lock\" > /dev/null\nif [[ $? != 0 ]] ; then\n    cat << EOM\nerror: The sandbox is not in sync with the Podfile.lock. Run 'pod install' or update your CocoaPods installation.\nEOM\n    exit 1\nfi\n";
			showEnvVarsInLog = 0;
		};
		ED9C207E70B7BEEBA0D1FDB1 /* [CP] Check Pods Manifest.lock */ = {
			isa = PBXShellScriptBuildPhase;
			buildActionMask = 2147483647;
			files = (
			);
			inputPaths = (
			);
			name = "[CP] Check Pods Manifest.lock";
			outputPaths = (
			);
			runOnlyForDeploymentPostprocessing = 0;
			shellPath = /bin/sh;
			shellScript = "diff \"${PODS_ROOT}/../Podfile.lock\" \"${PODS_ROOT}/Manifest.lock\" > /dev/null\nif [[ $? != 0 ]] ; then\n    cat << EOM\nerror: The sandbox is not in sync with the Podfile.lock. Run 'pod install' or update your CocoaPods installation.\nEOM\n    exit 1\nfi\n";
			showEnvVarsInLog = 0;
		};
/* End PBXShellScriptBuildPhase section */

/* Begin PBXSourcesBuildPhase section */
		5786F4621D15CF81008FFE4B /* Sources */ = {
			isa = PBXSourcesBuildPhase;
			buildActionMask = 2147483647;
			files = (
				5786F48E1D15D3EB008FFE4B /* LoginViewController.swift in Sources */,
				57A2C3531D1949E300055043 /* FileTableViewCell.swift in Sources */,
				57A2C3561D194B0200055043 /* File.swift in Sources */,
				575EEBB51D1815C000E90C5B /* Router.swift in Sources */,
				57A2C3511D19488E00055043 /* FilesTableViewController.swift in Sources */,
				5786F46A1D15CF81008FFE4B /* AppDelegate.swift in Sources */,
				576C294D1DB52449005C030B /* SettingsTableViewController.swift in Sources */,
				57AEB8831D4E5F2100F5C9C6 /* FileViewController.swift in Sources */,
				57AC6B001D196E750088B93E /* ProfileViewController.swift in Sources */,
				575EEBB71D18334800E90C5B /* OAuth.swift in Sources */,
			);
			runOnlyForDeploymentPostprocessing = 0;
		};
		5786F4781D15CF81008FFE4B /* Sources */ = {
			isa = PBXSourcesBuildPhase;
			buildActionMask = 2147483647;
			files = (
				5786F4811D15CF81008FFE4B /* ChulloTests.swift in Sources */,
			);
			runOnlyForDeploymentPostprocessing = 0;
		};
/* End PBXSourcesBuildPhase section */

/* Begin PBXTargetDependency section */
		5786F47E1D15CF81008FFE4B /* PBXTargetDependency */ = {
			isa = PBXTargetDependency;
			target = 5786F4651D15CF81008FFE4B /* Chullo */;
			targetProxy = 5786F47D1D15CF81008FFE4B /* PBXContainerItemProxy */;
		};
/* End PBXTargetDependency section */

/* Begin PBXVariantGroup section */
		5786F46F1D15CF81008FFE4B /* Main.storyboard */ = {
			isa = PBXVariantGroup;
			children = (
				5786F4701D15CF81008FFE4B /* Base */,
			);
			name = Main.storyboard;
			sourceTree = "<group>";
		};
		5786F4741D15CF81008FFE4B /* LaunchScreen.storyboard */ = {
			isa = PBXVariantGroup;
			children = (
				5786F4751D15CF81008FFE4B /* Base */,
			);
			name = LaunchScreen.storyboard;
			sourceTree = "<group>";
		};
/* End PBXVariantGroup section */

/* Begin XCBuildConfiguration section */
		5786F4831D15CF81008FFE4B /* Debug */ = {
			isa = XCBuildConfiguration;
			buildSettings = {
				ALWAYS_SEARCH_USER_PATHS = NO;
				CLANG_ANALYZER_NONNULL = YES;
				CLANG_CXX_LANGUAGE_STANDARD = "gnu++0x";
				CLANG_CXX_LIBRARY = "libc++";
				CLANG_ENABLE_MODULES = YES;
				CLANG_ENABLE_OBJC_ARC = YES;
				CLANG_WARN_BOOL_CONVERSION = YES;
				CLANG_WARN_CONSTANT_CONVERSION = YES;
				CLANG_WARN_DIRECT_OBJC_ISA_USAGE = YES_ERROR;
				CLANG_WARN_EMPTY_BODY = YES;
				CLANG_WARN_ENUM_CONVERSION = YES;
				CLANG_WARN_INFINITE_RECURSION = YES;
				CLANG_WARN_INT_CONVERSION = YES;
				CLANG_WARN_OBJC_ROOT_CLASS = YES_ERROR;
				CLANG_WARN_SUSPICIOUS_MOVE = YES;
				CLANG_WARN_UNREACHABLE_CODE = YES;
				CLANG_WARN__DUPLICATE_METHOD_MATCH = YES;
				"CODE_SIGN_IDENTITY[sdk=iphoneos*]" = "iPhone Developer";
				COPY_PHASE_STRIP = NO;
				DEBUG_INFORMATION_FORMAT = dwarf;
				ENABLE_STRICT_OBJC_MSGSEND = YES;
				ENABLE_TESTABILITY = YES;
				GCC_C_LANGUAGE_STANDARD = gnu99;
				GCC_DYNAMIC_NO_PIC = NO;
				GCC_NO_COMMON_BLOCKS = YES;
				GCC_OPTIMIZATION_LEVEL = 0;
				GCC_PREPROCESSOR_DEFINITIONS = (
					"DEBUG=1",
					"$(inherited)",
				);
				GCC_WARN_64_TO_32_BIT_CONVERSION = YES;
				GCC_WARN_ABOUT_RETURN_TYPE = YES_ERROR;
				GCC_WARN_UNDECLARED_SELECTOR = YES;
				GCC_WARN_UNINITIALIZED_AUTOS = YES_AGGRESSIVE;
				GCC_WARN_UNUSED_FUNCTION = YES;
				GCC_WARN_UNUSED_VARIABLE = YES;
				IPHONEOS_DEPLOYMENT_TARGET = 10.0;
				MTL_ENABLE_DEBUG_INFO = YES;
				ONLY_ACTIVE_ARCH = YES;
				SDKROOT = iphoneos;
				SWIFT_OPTIMIZATION_LEVEL = "-Onone";
				TARGETED_DEVICE_FAMILY = "1,2";
			};
			name = Debug;
		};
		5786F4841D15CF81008FFE4B /* Release */ = {
			isa = XCBuildConfiguration;
			buildSettings = {
				ALWAYS_SEARCH_USER_PATHS = NO;
				CLANG_ANALYZER_NONNULL = YES;
				CLANG_CXX_LANGUAGE_STANDARD = "gnu++0x";
				CLANG_CXX_LIBRARY = "libc++";
				CLANG_ENABLE_MODULES = YES;
				CLANG_ENABLE_OBJC_ARC = YES;
				CLANG_WARN_BOOL_CONVERSION = YES;
				CLANG_WARN_CONSTANT_CONVERSION = YES;
				CLANG_WARN_DIRECT_OBJC_ISA_USAGE = YES_ERROR;
				CLANG_WARN_EMPTY_BODY = YES;
				CLANG_WARN_ENUM_CONVERSION = YES;
				CLANG_WARN_INFINITE_RECURSION = YES;
				CLANG_WARN_INT_CONVERSION = YES;
				CLANG_WARN_OBJC_ROOT_CLASS = YES_ERROR;
				CLANG_WARN_SUSPICIOUS_MOVE = YES;
				CLANG_WARN_UNREACHABLE_CODE = YES;
				CLANG_WARN__DUPLICATE_METHOD_MATCH = YES;
				"CODE_SIGN_IDENTITY[sdk=iphoneos*]" = "iPhone Developer";
				COPY_PHASE_STRIP = NO;
				DEBUG_INFORMATION_FORMAT = "dwarf-with-dsym";
				ENABLE_NS_ASSERTIONS = NO;
				ENABLE_STRICT_OBJC_MSGSEND = YES;
				GCC_C_LANGUAGE_STANDARD = gnu99;
				GCC_NO_COMMON_BLOCKS = YES;
				GCC_WARN_64_TO_32_BIT_CONVERSION = YES;
				GCC_WARN_ABOUT_RETURN_TYPE = YES_ERROR;
				GCC_WARN_UNDECLARED_SELECTOR = YES;
				GCC_WARN_UNINITIALIZED_AUTOS = YES_AGGRESSIVE;
				GCC_WARN_UNUSED_FUNCTION = YES;
				GCC_WARN_UNUSED_VARIABLE = YES;
				IPHONEOS_DEPLOYMENT_TARGET = 10.0;
				MTL_ENABLE_DEBUG_INFO = NO;
				SDKROOT = iphoneos;
				SWIFT_OPTIMIZATION_LEVEL = "-Owholemodule";
				TARGETED_DEVICE_FAMILY = "1,2";
				VALIDATE_PRODUCT = YES;
			};
			name = Release;
		};
		5786F4861D15CF81008FFE4B /* Debug */ = {
			isa = XCBuildConfiguration;
			baseConfigurationReference = 663D7E95B2B3C531D9DF56B7 /* Pods-Chullo.debug.xcconfig */;
			buildSettings = {
				ALWAYS_EMBED_SWIFT_STANDARD_LIBRARIES = YES;
				ASSETCATALOG_COMPILER_APPICON_NAME = AppIcon;
				CODE_SIGN_IDENTITY = "iPhone Developer";
				DEVELOPMENT_TEAM = 73P36U68HR;
				INFOPLIST_FILE = Chullo/Info.plist;
				LD_RUNPATH_SEARCH_PATHS = "$(inherited) @executable_path/Frameworks";
				PRODUCT_BUNDLE_IDENTIFIER = com.victorjacobs.Chullo;
				PRODUCT_NAME = "$(TARGET_NAME)";
			};
			name = Debug;
		};
		5786F4871D15CF81008FFE4B /* Release */ = {
			isa = XCBuildConfiguration;
			baseConfigurationReference = EC6C8E773E615EA35D6CD5F8 /* Pods-Chullo.release.xcconfig */;
			buildSettings = {
				ALWAYS_EMBED_SWIFT_STANDARD_LIBRARIES = YES;
				ASSETCATALOG_COMPILER_APPICON_NAME = AppIcon;
				CODE_SIGN_IDENTITY = "iPhone Developer";
				DEVELOPMENT_TEAM = 73P36U68HR;
				INFOPLIST_FILE = Chullo/Info.plist;
				LD_RUNPATH_SEARCH_PATHS = "$(inherited) @executable_path/Frameworks";
				PRODUCT_BUNDLE_IDENTIFIER = com.victorjacobs.Chullo;
				PRODUCT_NAME = "$(TARGET_NAME)";
			};
			name = Release;
		};
		5786F4891D15CF81008FFE4B /* Debug */ = {
			isa = XCBuildConfiguration;
			baseConfigurationReference = CCCB86D9EE0132E95BE5ED60 /* Pods-ChulloTests.debug.xcconfig */;
			buildSettings = {
				BUNDLE_LOADER = "$(TEST_HOST)";
				INFOPLIST_FILE = ChulloTests/Info.plist;
				LD_RUNPATH_SEARCH_PATHS = "$(inherited) @executable_path/Frameworks @loader_path/Frameworks";
				PRODUCT_BUNDLE_IDENTIFIER = com.victorjacobs.ChulloTests;
				PRODUCT_NAME = "$(TARGET_NAME)";
				TEST_HOST = "$(BUILT_PRODUCTS_DIR)/Chullo.app/Chullo";
			};
			name = Debug;
		};
		5786F48A1D15CF81008FFE4B /* Release */ = {
			isa = XCBuildConfiguration;
			baseConfigurationReference = BF3D5615B7B8F74AF19C1D1A /* Pods-ChulloTests.release.xcconfig */;
			buildSettings = {
				BUNDLE_LOADER = "$(TEST_HOST)";
				INFOPLIST_FILE = ChulloTests/Info.plist;
				LD_RUNPATH_SEARCH_PATHS = "$(inherited) @executable_path/Frameworks @loader_path/Frameworks";
				PRODUCT_BUNDLE_IDENTIFIER = com.victorjacobs.ChulloTests;
				PRODUCT_NAME = "$(TARGET_NAME)";
				TEST_HOST = "$(BUILT_PRODUCTS_DIR)/Chullo.app/Chullo";
			};
			name = Release;
		};
/* End XCBuildConfiguration section */

/* Begin XCConfigurationList section */
		5786F4611D15CF81008FFE4B /* Build configuration list for PBXProject "Chullo" */ = {
			isa = XCConfigurationList;
			buildConfigurations = (
				5786F4831D15CF81008FFE4B /* Debug */,
				5786F4841D15CF81008FFE4B /* Release */,
			);
			defaultConfigurationIsVisible = 0;
			defaultConfigurationName = Release;
		};
		5786F4851D15CF81008FFE4B /* Build configuration list for PBXNativeTarget "Chullo" */ = {
			isa = XCConfigurationList;
			buildConfigurations = (
				5786F4861D15CF81008FFE4B /* Debug */,
				5786F4871D15CF81008FFE4B /* Release */,
			);
			defaultConfigurationIsVisible = 0;
			defaultConfigurationName = Release;
		};
		5786F4881D15CF81008FFE4B /* Build configuration list for PBXNativeTarget "ChulloTests" */ = {
			isa = XCConfigurationList;
			buildConfigurations = (
				5786F4891D15CF81008FFE4B /* Debug */,
				5786F48A1D15CF81008FFE4B /* Release */,
			);
			defaultConfigurationIsVisible = 0;
			defaultConfigurationName = Release;
		};
/* End XCConfigurationList section */
	};
	rootObject = 5786F45E1D15CF81008FFE4B /* Project object */;
}
