PODS:
  - 1PasswordExtension (1.8.2)
  - AFDateHelper (3.4.2)
  - Alamofire (3.4.1)
  - SwiftyJSON (2.3.2)

DEPENDENCIES:
  - 1PasswordExtension (~> 1.8.2)
  - AFDateHelper
  - Alamofire
  - SwiftyJSON

SPEC CHECKSUMS:
  1PasswordExtension: 303f2b7bbf6dc19ede3090bd6b5987530648d687
  AFDateHelper: aecee6bb264d6531795649f4ebac47783d2bab74
  Alamofire: 01a82e2f6c0f860ade35534c8dd88be61bdef40c
  SwiftyJSON: 04ccea08915aa0109039157c7974cf0298da292a

PODFILE CHECKSUM: 7fa97136508ef8aafe133a9df50e99fb88d058f5

COCOAPODS: 1.0.1
