PODS:
  - 1PasswordExtension (1.8.4)
  - AFDateHelper (3.5.3)
  - Alamofire (4.0.1)
  - SwiftyJSON (3.1.1)

DEPENDENCIES:
  - 1PasswordExtension (~> 1.8.2)
  - AFDateHelper
  - Alamofire
  - SwiftyJSON

SPEC CHECKSUMS:
  1PasswordExtension: e775a29310c65851e5a6cec1afc349ab4e334e47
  AFDateHelper: e64bcc4a88a07e1d3e62442741b2a164adc02d77
  Alamofire: 7682d43245de14874acd142ec137b144aa1dd335
  SwiftyJSON: f0be2e604f83e8405a624e9f891898bf6ed4e019

PODFILE CHECKSUM: 028f9ff9da8c8f77a1dd00f7c058cc317eb64011

COCOAPODS: 1.0.1
